{
  "name": "gatepassrApp",
  "lockfileVersion": 3,
  "requires": true,
  "packages": {
    "node_modules/@emnapi/core": {
      "version": "1.1.0",
      "resolved": "https://registry.npmjs.org/@emnapi/core/-/core-1.1.0.tgz",
      "integrity": "sha512-gNEVZo0HhUfVjhr6rFG//HZXbauclxueiDxaKGBZHcK5h8i9pslABNPfG8kMwYTubAn3mV7AyOZN8gfPRgbU8A==",
      "optional": true,
      "peer": true,
      "dependencies": {
        "tslib": "^2.4.0"
      }
    },
    "node_modules/@emnapi/runtime": {
      "version": "1.1.0",
      "resolved": "https://registry.npmjs.org/@emnapi/runtime/-/runtime-1.1.0.tgz",
      "integrity": "sha512-gCGlE0fJGWalfy+wbFApjhKn6uoSVvopru77IPyxNKkjkaiSx2HxDS7eOYSmo9dcMIhmmIvoxiC3N9TM1c3EaA==",
      "optional": true,
      "peer": true,
      "dependencies": {
        "tslib": "^2.4.0"
      }
    },
    "node_modules/@lucia-auth/adapter-postgresql": {
      "version": "3.1.1",
      "resolved": "https://registry.npmjs.org/@lucia-auth/adapter-postgresql/-/adapter-postgresql-3.1.1.tgz",
      "integrity": "sha512-FxAi/Uq42YqBNVBLKXmqu3SImUPZChnQiBNUU2DSknO5eT0Ma0j5aj9g9WXRO+1hd3qESUA7D4BTYpnwEbOkkQ==",
      "dependencies": {
        "pg": "^8.8.0",
        "postgres": "^3.3.5"
      },
      "peerDependencies": {
        "@neondatabase/serverless": "0.7.x",
        "lucia": "3.x",
        "pg": "^8.8.0",
        "postgres": "^3.3.0"
      },
      "peerDependenciesMeta": {
        "@neondatabase/serverless": {
          "optional": true
        },
        "pg": {
          "optional": true
        },
        "postgres": {
          "optional": true
        }
      }
    },
    "node_modules/@napi-rs/wasm-runtime": {
      "version": "0.1.2",
      "resolved": "https://registry.npmjs.org/@napi-rs/wasm-runtime/-/wasm-runtime-0.1.2.tgz",
      "integrity": "sha512-8JuczewTFIZ/XIjHQ+YlQUydHvlKx2hkcxtuGwh+t/t5zWyZct6YG4+xjHcq8xyc/e7FmFwf42Zj2YgICwmlvA==",
      "optional": true,
      "peer": true,
      "dependencies": {
        "@emnapi/core": "^1.1.0",
        "@emnapi/runtime": "^1.1.0",
        "@tybys/wasm-util": "^0.8.1"
      }
    },
    "node_modules/@node-rs/argon2": {
      "version": "1.7.2",
      "resolved": "https://registry.npmjs.org/@node-rs/argon2/-/argon2-1.7.2.tgz",
      "integrity": "sha512-+H6pc3M1vIX9YnG59YW7prHhhpv19P8YyxlXHnnFzTimf2q+kKDF7mGWbhvN9STqIY+P70Patn0Q6qb6Ib5/4g==",
      "peer": true,
      "engines": {
        "node": ">= 10"
      },
      "optionalDependencies": {
        "@node-rs/argon2-android-arm-eabi": "1.7.2",
        "@node-rs/argon2-android-arm64": "1.7.2",
        "@node-rs/argon2-darwin-arm64": "1.7.2",
        "@node-rs/argon2-darwin-x64": "1.7.2",
        "@node-rs/argon2-freebsd-x64": "1.7.2",
        "@node-rs/argon2-linux-arm-gnueabihf": "1.7.2",
        "@node-rs/argon2-linux-arm64-gnu": "1.7.2",
        "@node-rs/argon2-linux-arm64-musl": "1.7.2",
        "@node-rs/argon2-linux-x64-gnu": "1.7.2",
        "@node-rs/argon2-linux-x64-musl": "1.7.2",
        "@node-rs/argon2-wasm32-wasi": "1.7.2",
        "@node-rs/argon2-win32-arm64-msvc": "1.7.2",
        "@node-rs/argon2-win32-ia32-msvc": "1.7.2",
        "@node-rs/argon2-win32-x64-msvc": "1.7.2"
      }
    },
    "node_modules/@node-rs/argon2-linux-x64-gnu": {
      "version": "1.7.2",
      "resolved": "https://registry.npmjs.org/@node-rs/argon2-linux-x64-gnu/-/argon2-linux-x64-gnu-1.7.2.tgz",
      "integrity": "sha512-BQvp+iLtKqomHz4q5t1aKoni9osgvUDU5sZtHAlFm5dRTlGHnympcQVATRE5GHyH9C6MIM9W7P1kqEeCLGPolQ==",
      "cpu": [
        "x64"
      ],
      "optional": true,
      "os": [
        "linux"
      ],
      "peer": true,
      "engines": {
        "node": ">= 10"
      }
    },
    "node_modules/@node-rs/argon2-linux-x64-musl": {
      "version": "1.7.2",
      "resolved": "https://registry.npmjs.org/@node-rs/argon2-linux-x64-musl/-/argon2-linux-x64-musl-1.7.2.tgz",
      "integrity": "sha512-yXJudpBZQ98g+lWaHn9EzZ5KsAyqRdlpub/K+5NP7gHehb8wzBRIFAejIHAG0fvzQEEc86VOnV2koWIVZxWAvw==",
      "cpu": [
        "x64"
      ],
      "optional": true,
      "os": [
        "linux"
      ],
      "peer": true,
      "engines": {
        "node": ">= 10"
      }
    },
    "node_modules/@node-rs/bcrypt": {
      "version": "1.9.2",
      "resolved": "https://registry.npmjs.org/@node-rs/bcrypt/-/bcrypt-1.9.2.tgz",
      "integrity": "sha512-FKUo9iCSIti+ldwoOlY1ztyIFhZxEgT7jZ/UCt/9bg1rLmNdbQQD2JKIMImDCqmTWuLPY4ZF4Q5MyOMIfDCd8Q==",
      "peer": true,
      "engines": {
        "node": ">= 10"
      },
      "funding": {
        "type": "github",
        "url": "https://github.com/sponsors/Brooooooklyn"
      },
      "optionalDependencies": {
        "@node-rs/bcrypt-android-arm-eabi": "1.9.2",
        "@node-rs/bcrypt-android-arm64": "1.9.2",
        "@node-rs/bcrypt-darwin-arm64": "1.9.2",
        "@node-rs/bcrypt-darwin-x64": "1.9.2",
        "@node-rs/bcrypt-freebsd-x64": "1.9.2",
        "@node-rs/bcrypt-linux-arm-gnueabihf": "1.9.2",
        "@node-rs/bcrypt-linux-arm64-gnu": "1.9.2",
        "@node-rs/bcrypt-linux-arm64-musl": "1.9.2",
        "@node-rs/bcrypt-linux-x64-gnu": "1.9.2",
        "@node-rs/bcrypt-linux-x64-musl": "1.9.2",
        "@node-rs/bcrypt-wasm32-wasi": "1.9.2",
        "@node-rs/bcrypt-win32-arm64-msvc": "1.9.2",
        "@node-rs/bcrypt-win32-ia32-msvc": "1.9.2",
        "@node-rs/bcrypt-win32-x64-msvc": "1.9.2"
      }
    },
    "node_modules/@node-rs/bcrypt-linux-x64-gnu": {
      "version": "1.9.2",
      "resolved": "https://registry.npmjs.org/@node-rs/bcrypt-linux-x64-gnu/-/bcrypt-linux-x64-gnu-1.9.2.tgz",
      "integrity": "sha512-5WfGO+O1m7nJ55WZ8XDq+ItA98Z4O7sNWsR+1nIj9YGT+Tx5zkQ2RBhpK6oCWZMluuZ0eKQ0FDmyP6K+2NDRIA==",
      "cpu": [
        "x64"
      ],
      "optional": true,
      "os": [
        "linux"
      ],
      "peer": true,
      "engines": {
        "node": ">= 10"
      }
    },
    "node_modules/@node-rs/bcrypt-linux-x64-musl": {
      "version": "1.9.2",
      "resolved": "https://registry.npmjs.org/@node-rs/bcrypt-linux-x64-musl/-/bcrypt-linux-x64-musl-1.9.2.tgz",
      "integrity": "sha512-VjCn0388p6PMCVUYHgYmHZrKNc7WwNJRr2WLJsHbQRGDOKbpNL6YolCjQxUchcSPDhzwrq1cIdy4j0fpoXEsdw==",
      "cpu": [
        "x64"
      ],
      "optional": true,
      "os": [
        "linux"
      ],
      "peer": true,
      "engines": {
        "node": ">= 10"
      }
    },
    "node_modules/@tybys/wasm-util": {
      "version": "0.8.1",
      "resolved": "https://registry.npmjs.org/@tybys/wasm-util/-/wasm-util-0.8.1.tgz",
      "integrity": "sha512-GSsTwyBl4pIzsxAY5wroZdyQKyhXk0d8PCRZtrSZ2WEB1cBdrp2EgGBwHOGCZtIIPun/DL3+AykCv+J6fyRH4Q==",
      "optional": true,
      "peer": true,
      "dependencies": {
        "tslib": "^2.4.0"
      }
    },
    "node_modules/buffer-writer": {
      "version": "2.0.0",
      "resolved": "https://registry.npmjs.org/buffer-writer/-/buffer-writer-2.0.0.tgz",
      "integrity": "sha512-a7ZpuTZU1TRtnwyCNW3I5dc0wWNC3VR9S++Ewyk2HHZdrO3CQJqSpd+95Us590V6AL7JqUAH2IwZ/398PmNFgw==",
      "engines": {
        "node": ">=4"
      }
    },
    "node_modules/lucia": {
      "version": "3.1.1",
      "resolved": "https://registry.npmjs.org/lucia/-/lucia-3.1.1.tgz",
      "integrity": "sha512-Ygvgnqq7Ha7lYVaZATPwkPD2s2Qlsm71Z2o0byx/abNBfFldCRow5sNii6RqMsuMpK957RAI3Gw4/aWoagkc7A==",
      "peer": true,
      "dependencies": {
        "oslo": "1.0.1"
      }
    },
    "node_modules/oslo": {
      "version": "1.0.1",
      "resolved": "https://registry.npmjs.org/oslo/-/oslo-1.0.1.tgz",
      "integrity": "sha512-esfzZry+HfGgK/GCYkg7BRlLd3RH5aHa08wgLJPYjENXybi0BvXxGk0LbUj+lXfz2TkjPDHe4rB/o6JxRLHxBg==",
      "peer": true,
      "dependencies": {
        "@node-rs/argon2": "1.7.2",
        "@node-rs/bcrypt": "1.9.2"
      }
    },
    "node_modules/packet-reader": {
      "version": "1.0.0",
      "resolved": "https://registry.npmjs.org/packet-reader/-/packet-reader-1.0.0.tgz",
      "integrity": "sha512-HAKu/fG3HpHFO0AA8WE8q2g+gBJaZ9MG7fcKk+IJPLTGAD6Psw4443l+9DGRbOIh3/aXr7Phy0TjilYivJo5XQ=="
    },
    "node_modules/pg": {
      "version": "8.11.3",
      "resolved": "https://registry.npmjs.org/pg/-/pg-8.11.3.tgz",
      "integrity": "sha512-+9iuvG8QfaaUrrph+kpF24cXkH1YOOUeArRNYIxq1viYHZagBxrTno7cecY1Fa44tJeZvaoG+Djpkc3JwehN5g==",
      "dependencies": {
        "buffer-writer": "2.0.0",
        "packet-reader": "1.0.0",
        "pg-connection-string": "^2.6.2",
        "pg-pool": "^3.6.1",
        "pg-protocol": "^1.6.0",
        "pg-types": "^2.1.0",
        "pgpass": "1.x"
      },
      "engines": {
        "node": ">= 8.0.0"
      },
      "optionalDependencies": {
        "pg-cloudflare": "^1.1.1"
      },
      "peerDependencies": {
        "pg-native": ">=3.0.1"
      },
      "peerDependenciesMeta": {
        "pg-native": {
          "optional": true
        }
      }
    },
    "node_modules/pg-cloudflare": {
      "version": "1.1.1",
      "resolved": "https://registry.npmjs.org/pg-cloudflare/-/pg-cloudflare-1.1.1.tgz",
      "integrity": "sha512-xWPagP/4B6BgFO+EKz3JONXv3YDgvkbVrGw2mTo3D6tVDQRh1e7cqVGvyR3BE+eQgAvx1XhW/iEASj4/jCWl3Q==",
      "optional": true
    },
    "node_modules/pg-connection-string": {
      "version": "2.6.2",
      "resolved": "https://registry.npmjs.org/pg-connection-string/-/pg-connection-string-2.6.2.tgz",
      "integrity": "sha512-ch6OwaeaPYcova4kKZ15sbJ2hKb/VP48ZD2gE7i1J+L4MspCtBMAx8nMgz7bksc7IojCIIWuEhHibSMFH8m8oA=="
    },
    "node_modules/pg-int8": {
      "version": "1.0.1",
      "resolved": "https://registry.npmjs.org/pg-int8/-/pg-int8-1.0.1.tgz",
      "integrity": "sha512-WCtabS6t3c8SkpDBUlb1kjOs7l66xsGdKpIPZsg4wR+B3+u9UAum2odSsF9tnvxg80h4ZxLWMy4pRjOsFIqQpw==",
      "engines": {
        "node": ">=4.0.0"
      }
    },
    "node_modules/pg-pool": {
      "version": "3.6.1",
      "resolved": "https://registry.npmjs.org/pg-pool/-/pg-pool-3.6.1.tgz",
      "integrity": "sha512-jizsIzhkIitxCGfPRzJn1ZdcosIt3pz9Sh3V01fm1vZnbnCMgmGl5wvGGdNN2EL9Rmb0EcFoCkixH4Pu+sP9Og==",
      "peerDependencies": {
        "pg": ">=8.0"
      }
    },
    "node_modules/pg-protocol": {
      "version": "1.6.0",
      "resolved": "https://registry.npmjs.org/pg-protocol/-/pg-protocol-1.6.0.tgz",
      "integrity": "sha512-M+PDm637OY5WM307051+bsDia5Xej6d9IR4GwJse1qA1DIhiKlksvrneZOYQq42OM+spubpcNYEo2FcKQrDk+Q=="
    },
    "node_modules/pg-types": {
      "version": "2.2.0",
      "resolved": "https://registry.npmjs.org/pg-types/-/pg-types-2.2.0.tgz",
      "integrity": "sha512-qTAAlrEsl8s4OiEQY69wDvcMIdQN6wdz5ojQiOy6YRMuynxenON0O5oCpJI6lshc6scgAY8qvJ2On/p+CXY0GA==",
      "dependencies": {
        "pg-int8": "1.0.1",
        "postgres-array": "~2.0.0",
        "postgres-bytea": "~1.0.0",
        "postgres-date": "~1.0.4",
        "postgres-interval": "^1.1.0"
      },
      "engines": {
        "node": ">=4"
      }
    },
    "node_modules/pgpass": {
      "version": "1.0.5",
      "resolved": "https://registry.npmjs.org/pgpass/-/pgpass-1.0.5.tgz",
      "integrity": "sha512-FdW9r/jQZhSeohs1Z3sI1yxFQNFvMcnmfuj4WBMUTxOrAyLMaTcE1aAMBiTlbMNaXvBCQuVi0R7hd8udDSP7ug==",
      "dependencies": {
        "split2": "^4.1.0"
      }
    },
    "node_modules/postgres": {
      "version": "3.4.3",
      "resolved": "https://registry.npmjs.org/postgres/-/postgres-3.4.3.tgz",
      "integrity": "sha512-iHJn4+M9vbTdHSdDzNkC0crHq+1CUdFhx+YqCE+SqWxPjm+Zu63jq7yZborOBF64c8pc58O5uMudyL1FQcHacA==",
      "engines": {
        "node": ">=12"
      },
      "funding": {
        "type": "individual",
        "url": "https://github.com/sponsors/porsager"
      }
    },
    "node_modules/postgres-array": {
      "version": "2.0.0",
      "resolved": "https://registry.npmjs.org/postgres-array/-/postgres-array-2.0.0.tgz",
      "integrity": "sha512-VpZrUqU5A69eQyW2c5CA1jtLecCsN2U/bD6VilrFDWq5+5UIEVO7nazS3TEcHf1zuPYO/sqGvUvW62g86RXZuA==",
      "engines": {
        "node": ">=4"
      }
    },
    "node_modules/postgres-bytea": {
      "version": "1.0.0",
      "resolved": "https://registry.npmjs.org/postgres-bytea/-/postgres-bytea-1.0.0.tgz",
      "integrity": "sha512-xy3pmLuQqRBZBXDULy7KbaitYqLcmxigw14Q5sj8QBVLqEwXfeybIKVWiqAXTlcvdvb0+xkOtDbfQMOf4lST1w==",
      "engines": {
        "node": ">=0.10.0"
      }
    },
    "node_modules/postgres-date": {
      "version": "1.0.7",
      "resolved": "https://registry.npmjs.org/postgres-date/-/postgres-date-1.0.7.tgz",
      "integrity": "sha512-suDmjLVQg78nMK2UZ454hAG+OAW+HQPZ6n++TNDUX+L0+uUlLywnoxJKDou51Zm+zTCjrCl0Nq6J9C5hP9vK/Q==",
      "engines": {
        "node": ">=0.10.0"
      }
    },
    "node_modules/postgres-interval": {
      "version": "1.2.0",
      "resolved": "https://registry.npmjs.org/postgres-interval/-/postgres-interval-1.2.0.tgz",
      "integrity": "sha512-9ZhXKM/rw350N1ovuWHbGxnGh/SNJ4cnxHiM0rxE4VN41wsg8P8zWn9hv/buK00RP4WvlOyr/RBDiptyxVbkZQ==",
      "dependencies": {
        "xtend": "^4.0.0"
      },
      "engines": {
        "node": ">=0.10.0"
      }
    },
    "node_modules/split2": {
      "version": "4.2.0",
      "resolved": "https://registry.npmjs.org/split2/-/split2-4.2.0.tgz",
      "integrity": "sha512-UcjcJOWknrNkF6PLX83qcHM6KHgVKNkV62Y8a5uYDVv9ydGQVwAHMKqHdJje1VTWpljG0WYpCDhrCdAOYH4TWg==",
      "engines": {
        "node": ">= 10.x"
      }
    },
    "node_modules/tslib": {
      "version": "2.6.2",
      "resolved": "https://registry.npmjs.org/tslib/-/tslib-2.6.2.tgz",
      "integrity": "sha512-AEYxH93jGFPn/a2iVAwW87VuUIkR1FVUKB77NwMF7nBTDkDrrT/Hpt/IrCJ0QXhW27jTBDcf5ZY7w6RiqTMw2Q==",
      "optional": true,
      "peer": true
    },
    "node_modules/xtend": {
      "version": "4.0.2",
      "resolved": "https://registry.npmjs.org/xtend/-/xtend-4.0.2.tgz",
      "integrity": "sha512-LKYU1iAXJXUgAXn9URjiu+MWhyUXHsvfp7mcuYm9dSUKK0/CjtrUwFAxD82/mCWbtLsGjFIad0wIsod4zrTAEQ==",
      "engines": {
        "node": ">=0.4"
      }
    }
  }
}
